
Microsoft Visual Studio Solution File, Format Version 12.00
# Visual Studio Version 17
VisualStudioVersion = 17.11.35431.28
MinimumVisualStudioVersion = 10.0.40219.1
Project("{FAE04EC0-301F-11D3-BF4B-00C04F79EFBC}") = "OBAWebAPI.Framework.ApiResponse", "OBAWebAPI.Framework.ApiResponse\OBAWebAPI.Framework.ApiResponse.csproj", "{8CFD1EC6-9CD9-4E85-9EFF-73AFA0A0A3BF}"
EndProject
Project("{FAE04EC0-301F-11D3-BF4B-00C04F79EFBC}") = "OBAWebAPI.Framework.Domain", "OBAWebAPI.Framework.Domain\OBAWebAPI.Framework.Domain.csproj", "{CC70E4AF-F6FE-4FE2-9312-1A1E29542D39}"
EndProject
Project("{FAE04EC0-301F-11D3-BF4B-00C04F79EFBC}") = "OBAWebAPI.Framework.Repository", "OBAWebAPI.Framework.Repository\OBAWebAPI.Framework.Repository.csproj", "{35BA269C-582E-428B-9AEE-F2628C5447F4}"
EndProject
Project("{FAE04EC0-301F-11D3-BF4B-00C04F79EFBC}") = "OBAWebAPI.Framework.Service", "OBAWebAPI.Framework.Service\OBAWebAPI.Framework.Service.csproj", "{2E422EE0-173E-4E0A-9F24-C05436314D98}"
EndProject
Global
	GlobalSection(SolutionConfigurationPlatforms) = preSolution
		Debug|Any CPU = Debug|Any CPU
		Release|Any CPU = Release|Any CPU
	EndGlobalSection
	GlobalSection(ProjectConfigurationPlatforms) = postSolution
		{8CFD1EC6-9CD9-4E85-9EFF-73AFA0A0A3BF}.Debug|Any CPU.ActiveCfg = Debug|Any CPU
		{8CFD1EC6-9CD9-4E85-9EFF-73AFA0A0A3BF}.Debug|Any CPU.Build.0 = Debug|Any CPU
		{8CFD1EC6-9CD9-4E85-9EFF-73AFA0A0A3BF}.Release|Any CPU.ActiveCfg = Release|Any CPU
		{8CFD1EC6-9CD9-4E85-9EFF-73AFA0A0A3BF}.Release|Any CPU.Build.0 = Release|Any CPU
		{CC70E4AF-F6FE-4FE2-9312-1A1E29542D39}.Debug|Any CPU.ActiveCfg = Debug|Any CPU
		{CC70E4AF-F6FE-4FE2-9312-1A1E29542D39}.Debug|Any CPU.Build.0 = Debug|Any CPU
		{CC70E4AF-F6FE-4FE2-9312-1A1E29542D39}.Release|Any CPU.ActiveCfg = Release|Any CPU
		{CC70E4AF-F6FE-4FE2-9312-1A1E29542D39}.Release|Any CPU.Build.0 = Release|Any CPU
		{35BA269C-582E-428B-9AEE-F2628C5447F4}.Debug|Any CPU.ActiveCfg = Debug|Any CPU
		{35BA269C-582E-428B-9AEE-F2628C5447F4}.Debug|Any CPU.Build.0 = Debug|Any CPU
		{35BA269C-582E-428B-9AEE-F2628C5447F4}.Release|Any CPU.ActiveCfg = Release|Any CPU
		{35BA269C-582E-428B-9AEE-F2628C5447F4}.Release|Any CPU.Build.0 = Release|Any CPU
		{2E422EE0-173E-4E0A-9F24-C05436314D98}.Debug|Any CPU.ActiveCfg = Debug|Any CPU
		{2E422EE0-173E-4E0A-9F24-C05436314D98}.Debug|Any CPU.Build.0 = Debug|Any CPU
		{2E422EE0-173E-4E0A-9F24-C05436314D98}.Release|Any CPU.ActiveCfg = Release|Any CPU
		{2E422EE0-173E-4E0A-9F24-C05436314D98}.Release|Any CPU.Build.0 = Release|Any CPU
	EndGlobalSection
	GlobalSection(SolutionProperties) = preSolution
		HideSolutionNode = FALSE
	EndGlobalSection
	GlobalSection(ExtensibilityGlobals) = postSolution
		SolutionGuid = {C8004D92-14E3-47BA-ADD7-E91C16DC6597}
	EndGlobalSection
EndGlobal
